
Microsoft Visual Studio Solution File, Format Version 12.00
# Visual Studio Version 16
VisualStudioVersion = 16.0.31025.218
MinimumVisualStudioVersion = 10.0.40219.1
Project("{9A19103F-16F7-4668-BE54-9A1E7A4F7556}") = "Cryptography.Core", "Cryptography.Core\Cryptography.Core.csproj", "{8847B68B-74A7-4B7A-8FDD-803F7C7B96C1}"
EndProject
Project("{9A19103F-16F7-4668-BE54-9A1E7A4F7556}") = "Cryptography.Interfaces", "Cryptography.Interfaces\Cryptography.Interfaces.csproj", "{E9789D76-A36C-4D47-ABB8-0FFCEBB9DCB2}"
EndProject
Project("{9A19103F-16F7-4668-BE54-9A1E7A4F7556}") = "Cryptography.Tests", "Cryptography.Tests\Cryptography.Tests.csproj", "{405763F2-6A01-4627-87BC-6E36CCA705A5}"
EndProject
Project("{9A19103F-16F7-4668-BE54-9A1E7A4F7556}") = "Cryptography.SystemCryptography", "Cryptography.SystemCryptography\Cryptography.SystemCryptography.csproj", "{945BF1CF-F3E5-4A02-8CA0-F6D0979E0BFF}"
EndProject
Project("{9A19103F-16F7-4668-BE54-9A1E7A4F7556}") = "Cryptography.LibSodium", "Cryptography.LibSodium\Cryptography.LibSodium.csproj", "{63CDC401-7D40-4B3F-AA53-4E26695C6E9B}"
EndProject
Project("{9A19103F-16F7-4668-BE54-9A1E7A4F7556}") = "Cryptography", "Cryptography\Cryptography.csproj", "{4F6FB3BA-350E-43B5-BCD8-7B3C6C3A0080}"
EndProject
Project("{2150E333-8FDC-42A3-9474-1A3956D46DE8}") = "Demos", "Demos", "{7A638C60-66A3-408B-A0E2-F063A815B60A}"
EndProject
Project("{FAE04EC0-301F-11D3-BF4B-00C04F79EFBC}") = "SimpleDemo", "Demos\SimpleDemo\SimpleDemo.csproj", "{89E35A7C-1B64-4ED9-9B15-2EF09D630E1F}"
EndProject
Global
	GlobalSection(SolutionConfigurationPlatforms) = preSolution
		Debug|Any CPU = Debug|Any CPU
		Release|Any CPU = Release|Any CPU
	EndGlobalSection
	GlobalSection(ProjectConfigurationPlatforms) = postSolution
		{8847B68B-74A7-4B7A-8FDD-803F7C7B96C1}.Debug|Any CPU.ActiveCfg = Debug|Any CPU
		{8847B68B-74A7-4B7A-8FDD-803F7C7B96C1}.Debug|Any CPU.Build.0 = Debug|Any CPU
		{8847B68B-74A7-4B7A-8FDD-803F7C7B96C1}.Release|Any CPU.ActiveCfg = Release|Any CPU
		{8847B68B-74A7-4B7A-8FDD-803F7C7B96C1}.Release|Any CPU.Build.0 = Release|Any CPU
		{E9789D76-A36C-4D47-ABB8-0FFCEBB9DCB2}.Debug|Any CPU.ActiveCfg = Debug|Any CPU
		{E9789D76-A36C-4D47-ABB8-0FFCEBB9DCB2}.Debug|Any CPU.Build.0 = Debug|Any CPU
		{E9789D76-A36C-4D47-ABB8-0FFCEBB9DCB2}.Release|Any CPU.ActiveCfg = Release|Any CPU
		{E9789D76-A36C-4D47-ABB8-0FFCEBB9DCB2}.Release|Any CPU.Build.0 = Release|Any CPU
		{405763F2-6A01-4627-87BC-6E36CCA705A5}.Debug|Any CPU.ActiveCfg = Debug|Any CPU
		{405763F2-6A01-4627-87BC-6E36CCA705A5}.Debug|Any CPU.Build.0 = Debug|Any CPU
		{405763F2-6A01-4627-87BC-6E36CCA705A5}.Release|Any CPU.ActiveCfg = Release|Any CPU
		{405763F2-6A01-4627-87BC-6E36CCA705A5}.Release|Any CPU.Build.0 = Release|Any CPU
		{945BF1CF-F3E5-4A02-8CA0-F6D0979E0BFF}.Debug|Any CPU.ActiveCfg = Debug|Any CPU
		{945BF1CF-F3E5-4A02-8CA0-F6D0979E0BFF}.Debug|Any CPU.Build.0 = Debug|Any CPU
		{945BF1CF-F3E5-4A02-8CA0-F6D0979E0BFF}.Release|Any CPU.ActiveCfg = Release|Any CPU
		{945BF1CF-F3E5-4A02-8CA0-F6D0979E0BFF}.Release|Any CPU.Build.0 = Release|Any CPU
		{63CDC401-7D40-4B3F-AA53-4E26695C6E9B}.Debug|Any CPU.ActiveCfg = Debug|Any CPU
		{63CDC401-7D40-4B3F-AA53-4E26695C6E9B}.Debug|Any CPU.Build.0 = Debug|Any CPU
		{63CDC401-7D40-4B3F-AA53-4E26695C6E9B}.Release|Any CPU.ActiveCfg = Release|Any CPU
		{63CDC401-7D40-4B3F-AA53-4E26695C6E9B}.Release|Any CPU.Build.0 = Release|Any CPU
		{4F6FB3BA-350E-43B5-BCD8-7B3C6C3A0080}.Debug|Any CPU.ActiveCfg = Debug|Any CPU
		{4F6FB3BA-350E-43B5-BCD8-7B3C6C3A0080}.Debug|Any CPU.Build.0 = Debug|Any CPU
		{4F6FB3BA-350E-43B5-BCD8-7B3C6C3A0080}.Release|Any CPU.ActiveCfg = Release|Any CPU
		{4F6FB3BA-350E-43B5-BCD8-7B3C6C3A0080}.Release|Any CPU.Build.0 = Release|Any CPU
		{89E35A7C-1B64-4ED9-9B15-2EF09D630E1F}.Debug|Any CPU.ActiveCfg = Debug|Any CPU
		{89E35A7C-1B64-4ED9-9B15-2EF09D630E1F}.Debug|Any CPU.Build.0 = Debug|Any CPU
		{89E35A7C-1B64-4ED9-9B15-2EF09D630E1F}.Release|Any CPU.ActiveCfg = Release|Any CPU
		{89E35A7C-1B64-4ED9-9B15-2EF09D630E1F}.Release|Any CPU.Build.0 = Release|Any CPU
	EndGlobalSection
	GlobalSection(SolutionProperties) = preSolution
		HideSolutionNode = FALSE
	EndGlobalSection
	GlobalSection(NestedProjects) = preSolution
		{89E35A7C-1B64-4ED9-9B15-2EF09D630E1F} = {7A638C60-66A3-408B-A0E2-F063A815B60A}
	EndGlobalSection
	GlobalSection(ExtensibilityGlobals) = postSolution
		SolutionGuid = {B7053703-22E4-4D0E-9E08-0B8BE9E340E8}
	EndGlobalSection
EndGlobal
